// !$*UTF8*$!
{
	archiveVersion = 1;
	classes = {
	};
	objectVersion = 46;
	objects = {

/* Begin PBXAggregateTarget section */
		4AAB4899FB9C144666B14872 /* Qt Preprocess */ = {
			isa = PBXAggregateTarget;
			buildConfigurationList = 6CC3B5D2136C7CD6A5CF5A59 /* Build configuration list for PBXNativeTarget "jacktrip" */;
			buildPhases = (
				5E618435888B9D49F8540165 /* Qt Qmake */,
				7EF0942E79C014DCEC8976BC /* Qt Preprocessors */,
			);
			dependencies = (
			);
			name = "Qt Preprocess";
			productName = "Qt Preprocess";
		};
/* End PBXAggregateTarget section */

/* Begin PBXBuildFile section */
		00A11739F27021F94ECB504E /* Settings.cpp in Compile Sources */ = {isa = PBXBuildFile; fileRef = 44F0F339F9CE2E9530CCE8A9 /* Settings.cpp */; settings = {ATTRIBUTES = (); }; };
		07D2A4331F4CC2C8B5AFB5E8 /* moc_DataProtocol.cpp in Compile Sources */ = {isa = PBXBuildFile; fileRef = 2A11B8655B3637F541A9A8E5 /* moc_DataProtocol.cpp */; settings = {ATTRIBUTES = (); }; };
		0B3F36926155E778AB91FDF0 /* jacktrip_main.cpp in Compile Sources */ = {isa = PBXBuildFile; fileRef = D4D9FD74F4A2CA685F7B7BFD /* jacktrip_main.cpp */; settings = {ATTRIBUTES = (); }; };
		14FF28096F9A2F34F53FE08C /* moc_JackTripWorkerMessages.cpp in Compile Sources */ = {isa = PBXBuildFile; fileRef = 60C3DF0B9E0CB4737940940F /* moc_JackTripWorkerMessages.cpp */; settings = {ATTRIBUTES = (); }; };
		19EBBA0EF2625634D5182FFA /* Limiter.cpp in Compile Sources */ = {isa = PBXBuildFile; fileRef = D9C47E2E1FB68704301BF8D9 /* Limiter.cpp */; settings = {ATTRIBUTES = (); }; };
		21D56F36B30B2426C505BFBF /* JackTripThread.cpp in Compile Sources */ = {isa = PBXBuildFile; fileRef = C94D334C1F424BE9BE7D061F /* JackTripThread.cpp */; settings = {ATTRIBUTES = (); }; };
		24D7E9F63F918C2502655F60 /* QtCore.framework in Link Binary With Libraries */ = {isa = PBXBuildFile; fileRef = 9A5130A1A1900D11A62B89C2 /* QtCore.framework */; };
		2D5A796ECC904360457D2C40 /* jack in Link Binary With Libraries */ = {isa = PBXBuildFile; fileRef = C1CE7CCE556455D63F207E9C /* jack */; };
		35A1A39F8EAB37889EB3D397 /* CoreAudio.framework in Link Binary With Libraries */ = {isa = PBXBuildFile; fileRef = BEF9DFDA6822604126A7E233 /* CoreAudio.framework */; };
		4D5443D2BD50C2D6EEE261FE /* LoopBack.cpp in Compile Sources */ = {isa = PBXBuildFile; fileRef = 7CF2757740CD6ACB677780DB /* LoopBack.cpp */; settings = {ATTRIBUTES = (); }; };
		609C073A4B87114D442B60DA /* moc_UdpDataProtocol.cpp in Compile Sources */ = {isa = PBXBuildFile; fileRef = F4E68B583306C695291773BE /* moc_UdpDataProtocol.cpp */; settings = {ATTRIBUTES = (); }; };
		648BF03135211C45E2C2ECD9 /* AudioInterface.cpp in Compile Sources */ = {isa = PBXBuildFile; fileRef = 69EC3A4AD63590C5E4AF4D4A /* AudioInterface.cpp */; settings = {ATTRIBUTES = (); }; };
		682F40355FB78AE807A973ED /* DataProtocol.cpp in Compile Sources */ = {isa = PBXBuildFile; fileRef = 542C79331983463E2881BDEA /* DataProtocol.cpp */; settings = {ATTRIBUTES = (); }; };
		6A6F0BE6A9BEFC6CBDC8C2D5 /* jacktrip_globals.cpp in Compile Sources */ = {isa = PBXBuildFile; fileRef = 04C89E59A3C5145146A62A5D /* jacktrip_globals.cpp */; settings = {ATTRIBUTES = (); }; };
		745A1835F936437EB6929369 /* moc_ThreadPoolTest.cpp in Compile Sources */ = {isa = PBXBuildFile; fileRef = 949529F92C910B8D11A4DE4E /* moc_ThreadPoolTest.cpp */; settings = {ATTRIBUTES = (); }; };
		877218415A466B56E497ECAB /* moc_JackTrip.cpp in Compile Sources */ = {isa = PBXBuildFile; fileRef = AD8467ADAA1A83AD35B541DF /* moc_JackTrip.cpp */; settings = {ATTRIBUTES = (); }; };
		8CC9E23461EE302C3E30819D /* JackTripWorker.cpp in Compile Sources */ = {isa = PBXBuildFile; fileRef = 8A124D17718B06FAE7532073 /* JackTripWorker.cpp */; settings = {ATTRIBUTES = (); }; };
		8D267F2E4776F0ECA2F49DC8 /* IOKit.framework in Link Binary With Libraries */ = {isa = PBXBuildFile; fileRef = A1A67BEAA744704B29168D39 /* IOKit.framework */; };
		9582A341484A750C9F2B9C5E /* RingBuffer.cpp in Compile Sources */ = {isa = PBXBuildFile; fileRef = D52F2E47954D29391B1E86C5 /* RingBuffer.cpp */; settings = {ATTRIBUTES = (); }; };
		99A3E1F202946D4F98D6174C /* moc_JackTripWorker.cpp in Compile Sources */ = {isa = PBXBuildFile; fileRef = CD931AB9EEBBAAEC3A50A410 /* moc_JackTripWorker.cpp */; settings = {ATTRIBUTES = (); }; };
		A045C3CAE7BC76C7CD90A508 /* PacketHeader.cpp in Compile Sources */ = {isa = PBXBuildFile; fileRef = 25127065DD945A82E0C7929A /* PacketHeader.cpp */; settings = {ATTRIBUTES = (); }; };
		A99B2AA0F9CBBDD12BA126A4 /* DiskArbitration.framework in Link Binary With Libraries */ = {isa = PBXBuildFile; fileRef = 2B774D8E4178765CE52EAAF5 /* DiskArbitration.framework */; };
		A9E60F59D318D2ADD4CDE1D8 /* UdpDataProtocol.cpp in Compile Sources */ = {isa = PBXBuildFile; fileRef = 52341FF845501B77AC93F74E /* UdpDataProtocol.cpp */; settings = {ATTRIBUTES = (); }; };
		AD35C78C6BA25DC2EF81B81E /* Reverb.cpp in Compile Sources */ = {isa = PBXBuildFile; fileRef = 5B67EFD3A406673B71474E3D /* Reverb.cpp */; settings = {ATTRIBUTES = (); }; };
		B377D3CD6025D4D6BA8B96D3 /* moc_PacketHeader.cpp in Compile Sources */ = {isa = PBXBuildFile; fileRef = EACEF5F299629A9BA3469FBB /* moc_PacketHeader.cpp */; settings = {ATTRIBUTES = (); }; };
		BDBCC8240EF583B8F68DA92C /* JackAudioInterface.cpp in Compile Sources */ = {isa = PBXBuildFile; fileRef = EDBF65729DF8BB4A07AC0730 /* JackAudioInterface.cpp */; settings = {ATTRIBUTES = (); }; };
		CD517699FF391C05FC07E5FA /* JackTrip.cpp in Compile Sources */ = {isa = PBXBuildFile; fileRef = F67FE135A8AD856433183FDC /* JackTrip.cpp */; settings = {ATTRIBUTES = (); }; };
		D44EDD6312D89DA2107DC990 /* moc_NetKS.cpp in Compile Sources */ = {isa = PBXBuildFile; fileRef = E5CF883B9E972503B7E99BD0 /* moc_NetKS.cpp */; settings = {ATTRIBUTES = (); }; };
		D724C09DE096008872DC1CB4 /* Compressor.cpp in Compile Sources */ = {isa = PBXBuildFile; fileRef = A8D9BA234B89C5F9154E9D42 /* Compressor.cpp */; settings = {ATTRIBUTES = (); }; };
		DA018D395087930B8E931329 /* UdpHubListener.cpp in Compile Sources */ = {isa = PBXBuildFile; fileRef = 8302309CFD8FF81A6274A5BB /* UdpHubListener.cpp */; settings = {ATTRIBUTES = (); }; };
		DC343154BC693FFEF5182986 /* moc_Settings.cpp in Compile Sources */ = {isa = PBXBuildFile; fileRef = 09F6FB6D442F0363C06BF1BC /* moc_Settings.cpp */; settings = {ATTRIBUTES = (); }; };
		DC6DADB895C865A89B4AB1A6 /* JMess.cpp in Compile Sources */ = {isa = PBXBuildFile; fileRef = 9229711629CA5ED78170C196 /* JMess.cpp */; settings = {ATTRIBUTES = (); }; };
		DDF00BD5F342C18562959FAA /* ProcessPlugin.cpp in Compile Sources */ = {isa = PBXBuildFile; fileRef = EF04F48376168606A111FA36 /* ProcessPlugin.cpp */; settings = {ATTRIBUTES = (); }; };
		E0FA722321D1B268BF8AF3A4 /* dummy.cpp in Compile Sources */ = {isa = PBXBuildFile; fileRef = 65A723C3BC89B35FB3D85A59 /* dummy.cpp */; settings = {ATTRIBUTES = (); }; };
		EAB4336D117F7A4A893C54CC /* moc_UdpHubListener.cpp in Compile Sources */ = {isa = PBXBuildFile; fileRef = 2DD3725004BB544FD73EACA2 /* moc_UdpHubListener.cpp */; settings = {ATTRIBUTES = (); }; };
		F8B465CE34D8DF87AAE95913 /* CoreFoundation.framework in Link Binary With Libraries */ = {isa = PBXBuildFile; fileRef = 4D765E1B1EA6C757220C63E7 /* CoreFoundation.framework */; };
		F9DC02627440703180DF227B /* QtNetwork.framework in Link Binary With Libraries */ = {isa = PBXBuildFile; fileRef = C242693706E2CBAB837148DB /* QtNetwork.framework */; };
/* End PBXBuildFile section */

/* Begin PBXContainerItemProxy section */
		809B37A224E02959003AA166 /* PBXContainerItemProxy */ = {
			isa = PBXContainerItemProxy;
			containerPortal = 6DB9C3763D02B1415CD9D565 /* Project object */;
			proxyType = 1;
			remoteGlobalIDString = 4AAB4899FB9C144666B14872;
			remoteInfo = "Qt Preprocess";
		};
/* End PBXContainerItemProxy section */

/* Begin PBXFileReference section */
		04C89E59A3C5145146A62A5D /* jacktrip_globals.cpp */ = {isa = PBXFileReference; lastKnownFileType = sourcecode.cpp.cpp; name = jacktrip_globals.cpp; path = "/Users/jos/w/jacktrip-github/src/jacktrip_globals.cpp"; sourceTree = "<absolute>"; };
		06AE7011BB1A05010D32F302 /* JackTripWorkerMessages.h */ = {isa = PBXFileReference; lastKnownFileType = sourcecode.c.h; name = JackTripWorkerMessages.h; path = "/Users/jos/w/jacktrip-github/src/JackTripWorkerMessages.h"; sourceTree = "<absolute>"; };
		073CC471722B26358EE4AA61 /* UdpHubListener.h */ = {isa = PBXFileReference; lastKnownFileType = sourcecode.c.h; name = UdpHubListener.h; path = "/Users/jos/w/jacktrip-github/src/UdpHubListener.h"; sourceTree = "<absolute>"; };
		09F6FB6D442F0363C06BF1BC /* moc_Settings.cpp */ = {isa = PBXFileReference; lastKnownFileType = sourcecode.cpp.cpp; name = moc_Settings.cpp; path = "/Users/jos/w/jacktrip-github/src/moc_Settings.cpp"; sourceTree = "<absolute>"; };
		10C0760A3DA3CC4D64EE097F /* PacketHeader.h */ = {isa = PBXFileReference; lastKnownFileType = sourcecode.c.h; name = PacketHeader.h; path = "/Users/jos/w/jacktrip-github/src/PacketHeader.h"; sourceTree = "<absolute>"; };
		1242343062C835998663D294 /* ThreadPoolTest.h */ = {isa = PBXFileReference; lastKnownFileType = sourcecode.c.h; name = ThreadPoolTest.h; path = "/Users/jos/w/jacktrip-github/src/ThreadPoolTest.h"; sourceTree = "<absolute>"; };
		16BA63DF56384616A62529A8 /* jacktrip.pro */ = {isa = PBXFileReference; lastKnownFileType = text; name = jacktrip.pro; path = "/Users/jos/w/jacktrip-github/src/jacktrip.pro"; sourceTree = "<absolute>"; };
		178CC5AD11B27C55C3234FC4 /* JMess.h */ = {isa = PBXFileReference; lastKnownFileType = sourcecode.c.h; name = JMess.h; path = "/Users/jos/w/jacktrip-github/src/JMess.h"; sourceTree = "<absolute>"; };
		1890A4BBAF65BA60F451DC9D /* compressordsp.h */ = {isa = PBXFileReference; lastKnownFileType = sourcecode.c.h; name = compressordsp.h; path = "/Users/jos/w/jacktrip-github/src/compressordsp.h"; sourceTree = "<absolute>"; };
		22A3C80B8558A6FDC35DB108 /* jacktrip */ = {isa = PBXFileReference; explicitFileType = "compiled.mach-o.executable"; includeInIndex = 0; path = jacktrip; sourceTree = BUILT_PRODUCTS_DIR; };
		25127065DD945A82E0C7929A /* PacketHeader.cpp */ = {isa = PBXFileReference; lastKnownFileType = sourcecode.cpp.cpp; name = PacketHeader.cpp; path = "/Users/jos/w/jacktrip-github/src/PacketHeader.cpp"; sourceTree = "<absolute>"; };
		27B77FA5EA6555E1BA3A3032 /* RingBuffer.h */ = {isa = PBXFileReference; lastKnownFileType = sourcecode.c.h; name = RingBuffer.h; path = "/Users/jos/w/jacktrip-github/src/RingBuffer.h"; sourceTree = "<absolute>"; };
		2A11B8655B3637F541A9A8E5 /* moc_DataProtocol.cpp */ = {isa = PBXFileReference; lastKnownFileType = sourcecode.cpp.cpp; name = moc_DataProtocol.cpp; path = "/Users/jos/w/jacktrip-github/src/moc_DataProtocol.cpp"; sourceTree = "<absolute>"; };
		2B774D8E4178765CE52EAAF5 /* DiskArbitration.framework */ = {isa = PBXFileReference; lastKnownFileType = wrapper.framework; name = DiskArbitration.framework; path = /System/Library/Frameworks/DiskArbitration.framework; sourceTree = "<absolute>"; };
		2DD3725004BB544FD73EACA2 /* moc_UdpHubListener.cpp */ = {isa = PBXFileReference; lastKnownFileType = sourcecode.cpp.cpp; name = moc_UdpHubListener.cpp; path = "/Users/jos/w/jacktrip-github/src/moc_UdpHubListener.cpp"; sourceTree = "<absolute>"; };
		370C78685FE293C5A9F39C23 /* JackTripWorker.h */ = {isa = PBXFileReference; lastKnownFileType = sourcecode.c.h; name = JackTripWorker.h; path = "/Users/jos/w/jacktrip-github/src/JackTripWorker.h"; sourceTree = "<absolute>"; };
		39B5F4C57159F8AEDE2E4011 /* jacktrip_globals.h */ = {isa = PBXFileReference; lastKnownFileType = sourcecode.c.h; name = jacktrip_globals.h; path = "/Users/jos/w/jacktrip-github/src/jacktrip_globals.h"; sourceTree = "<absolute>"; };
		43877CD8ED932588545EE743 /* DataProtocol.h */ = {isa = PBXFileReference; lastKnownFileType = sourcecode.c.h; name = DataProtocol.h; path = "/Users/jos/w/jacktrip-github/src/DataProtocol.h"; sourceTree = "<absolute>"; };
		44F0F339F9CE2E9530CCE8A9 /* Settings.cpp */ = {isa = PBXFileReference; lastKnownFileType = sourcecode.cpp.cpp; name = Settings.cpp; path = "/Users/jos/w/jacktrip-github/src/Settings.cpp"; sourceTree = "<absolute>"; };
		47136CF3EE93C11EC6F1CFD8 /* NetKS.h */ = {isa = PBXFileReference; lastKnownFileType = sourcecode.c.h; name = NetKS.h; path = "/Users/jos/w/jacktrip-github/src/NetKS.h"; sourceTree = "<absolute>"; };
		4D66BC68493F515B31881E0F /* RingBufferWavetable.h */ = {isa = PBXFileReference; lastKnownFileType = sourcecode.c.h; name = RingBufferWavetable.h; path = "/Users/jos/w/jacktrip-github/src/RingBufferWavetable.h"; sourceTree = "<absolute>"; };
		4D765E1B1EA6C757220C63E7 /* CoreFoundation.framework */ = {isa = PBXFileReference; lastKnownFileType = wrapper.framework; name = CoreFoundation.framework; path = /System/Library/Frameworks/CoreFoundation.framework; sourceTree = "<absolute>"; };
		52341FF845501B77AC93F74E /* UdpDataProtocol.cpp */ = {isa = PBXFileReference; lastKnownFileType = sourcecode.cpp.cpp; name = UdpDataProtocol.cpp; path = "/Users/jos/w/jacktrip-github/src/UdpDataProtocol.cpp"; sourceTree = "<absolute>"; };
		542C79331983463E2881BDEA /* DataProtocol.cpp */ = {isa = PBXFileReference; lastKnownFileType = sourcecode.cpp.cpp; name = DataProtocol.cpp; path = "/Users/jos/w/jacktrip-github/src/DataProtocol.cpp"; sourceTree = "<absolute>"; };
		5532C158F9CD3C18D73AA38B /* Compressor.h */ = {isa = PBXFileReference; lastKnownFileType = sourcecode.c.h; name = Compressor.h; path = "/Users/jos/w/jacktrip-github/src/Compressor.h"; sourceTree = "<absolute>"; };
		5B67EFD3A406673B71474E3D /* Reverb.cpp */ = {isa = PBXFileReference; lastKnownFileType = sourcecode.cpp.cpp; name = Reverb.cpp; path = "/Users/jos/w/jacktrip-github/src/Reverb.cpp"; sourceTree = "<absolute>"; };
		60C3DF0B9E0CB4737940940F /* moc_JackTripWorkerMessages.cpp */ = {isa = PBXFileReference; lastKnownFileType = sourcecode.cpp.cpp; name = moc_JackTripWorkerMessages.cpp; path = "/Users/jos/w/jacktrip-github/src/moc_JackTripWorkerMessages.cpp"; sourceTree = "<absolute>"; };
		65A723C3BC89B35FB3D85A59 /* dummy.cpp */ = {isa = PBXFileReference; lastKnownFileType = sourcecode.cpp.cpp; name = dummy.cpp; path = /opt/local/libexec/qt5/mkspecs/features/data/dummy.cpp; sourceTree = "<absolute>"; };
		69EC3A4AD63590C5E4AF4D4A /* AudioInterface.cpp */ = {isa = PBXFileReference; lastKnownFileType = sourcecode.cpp.cpp; name = AudioInterface.cpp; path = "/Users/jos/w/jacktrip-github/src/AudioInterface.cpp"; sourceTree = "<absolute>"; };
		6DFE87270DFB05EF99124F07 /* ProcessPlugin.h */ = {isa = PBXFileReference; lastKnownFileType = sourcecode.c.h; name = ProcessPlugin.h; path = "/Users/jos/w/jacktrip-github/src/ProcessPlugin.h"; sourceTree = "<absolute>"; };
		7CF2757740CD6ACB677780DB /* LoopBack.cpp */ = {isa = PBXFileReference; lastKnownFileType = sourcecode.cpp.cpp; name = LoopBack.cpp; path = "/Users/jos/w/jacktrip-github/src/LoopBack.cpp"; sourceTree = "<absolute>"; };
		7F2E8E19A11EC327F49B30F7 /* TestRingBuffer.h */ = {isa = PBXFileReference; lastKnownFileType = sourcecode.c.h; name = TestRingBuffer.h; path = "/Users/jos/w/jacktrip-github/src/TestRingBuffer.h"; sourceTree = "<absolute>"; };
		8302309CFD8FF81A6274A5BB /* UdpHubListener.cpp */ = {isa = PBXFileReference; lastKnownFileType = sourcecode.cpp.cpp; name = UdpHubListener.cpp; path = "/Users/jos/w/jacktrip-github/src/UdpHubListener.cpp"; sourceTree = "<absolute>"; };
		8A124D17718B06FAE7532073 /* JackTripWorker.cpp */ = {isa = PBXFileReference; lastKnownFileType = sourcecode.cpp.cpp; name = JackTripWorker.cpp; path = "/Users/jos/w/jacktrip-github/src/JackTripWorker.cpp"; sourceTree = "<absolute>"; };
		8EB085273E460F99C8BD4C55 /* Limiter.h */ = {isa = PBXFileReference; lastKnownFileType = sourcecode.c.h; name = Limiter.h; path = "/Users/jos/w/jacktrip-github/src/Limiter.h"; sourceTree = "<absolute>"; };
		9229711629CA5ED78170C196 /* JMess.cpp */ = {isa = PBXFileReference; lastKnownFileType = sourcecode.cpp.cpp; name = JMess.cpp; path = "/Users/jos/w/jacktrip-github/src/JMess.cpp"; sourceTree = "<absolute>"; };
		949529F92C910B8D11A4DE4E /* moc_ThreadPoolTest.cpp */ = {isa = PBXFileReference; lastKnownFileType = sourcecode.cpp.cpp; name = moc_ThreadPoolTest.cpp; path = "/Users/jos/w/jacktrip-github/src/moc_ThreadPoolTest.cpp"; sourceTree = "<absolute>"; };
		9885A7E72E6BD04262341315 /* AudioInterface.h */ = {isa = PBXFileReference; lastKnownFileType = sourcecode.c.h; name = AudioInterface.h; path = "/Users/jos/w/jacktrip-github/src/AudioInterface.h"; sourceTree = "<absolute>"; };
		9A5130A1A1900D11A62B89C2 /* QtCore.framework */ = {isa = PBXFileReference; lastKnownFileType = wrapper.framework; name = QtCore.framework; path = /opt/local/libexec/qt5/lib/QtCore.framework; sourceTree = "<absolute>"; };
		A1A67BEAA744704B29168D39 /* IOKit.framework */ = {isa = PBXFileReference; lastKnownFileType = wrapper.framework; name = IOKit.framework; path = /System/Library/Frameworks/IOKit.framework; sourceTree = "<absolute>"; };
		A8D9BA234B89C5F9154E9D42 /* Compressor.cpp */ = {isa = PBXFileReference; lastKnownFileType = sourcecode.cpp.cpp; name = Compressor.cpp; path = "/Users/jos/w/jacktrip-github/src/Compressor.cpp"; sourceTree = "<absolute>"; };
		A9CAFDA66E4C036ACFC44E6F /* UdpDataProtocol.h */ = {isa = PBXFileReference; lastKnownFileType = sourcecode.c.h; name = UdpDataProtocol.h; path = "/Users/jos/w/jacktrip-github/src/UdpDataProtocol.h"; sourceTree = "<absolute>"; };
		AD8467ADAA1A83AD35B541DF /* moc_JackTrip.cpp */ = {isa = PBXFileReference; lastKnownFileType = sourcecode.cpp.cpp; name = moc_JackTrip.cpp; path = "/Users/jos/w/jacktrip-github/src/moc_JackTrip.cpp"; sourceTree = "<absolute>"; };
		B5051186495EB7C6DB2A20B6 /* JackTrip.h */ = {isa = PBXFileReference; lastKnownFileType = sourcecode.c.h; name = JackTrip.h; path = "/Users/jos/w/jacktrip-github/src/JackTrip.h"; sourceTree = "<absolute>"; };
		B861DE5AA6F048FE15FCCF86 /* LoopBack.h */ = {isa = PBXFileReference; lastKnownFileType = sourcecode.c.h; name = LoopBack.h; path = "/Users/jos/w/jacktrip-github/src/LoopBack.h"; sourceTree = "<absolute>"; };
		BEF9DFDA6822604126A7E233 /* CoreAudio.framework */ = {isa = PBXFileReference; lastKnownFileType = wrapper.framework; name = CoreAudio.framework; path = /System/Library/Frameworks/CoreAudio.framework; sourceTree = "<absolute>"; };
		C1CE7CCE556455D63F207E9C /* jack */ = {isa = PBXFileReference; lastKnownFileType = "compiled.mach-o.dylib"; name = jack; path = /usr/local/lib/libjack.dylib; sourceTree = "<absolute>"; };
		C242693706E2CBAB837148DB /* QtNetwork.framework */ = {isa = PBXFileReference; lastKnownFileType = wrapper.framework; name = QtNetwork.framework; path = /opt/local/libexec/qt5/lib/QtNetwork.framework; sourceTree = "<absolute>"; };
		C2E047D1473B042C0360671D /* jacktrip_types.h */ = {isa = PBXFileReference; lastKnownFileType = sourcecode.c.h; name = jacktrip_types.h; path = "/Users/jos/w/jacktrip-github/src/jacktrip_types.h"; sourceTree = "<absolute>"; };
		C6F7B0F551EEA651789EE3B6 /* JackAudioInterface.h */ = {isa = PBXFileReference; lastKnownFileType = sourcecode.c.h; name = JackAudioInterface.h; path = "/Users/jos/w/jacktrip-github/src/JackAudioInterface.h"; sourceTree = "<absolute>"; };
		C94D334C1F424BE9BE7D061F /* JackTripThread.cpp */ = {isa = PBXFileReference; lastKnownFileType = sourcecode.cpp.cpp; name = JackTripThread.cpp; path = "/Users/jos/w/jacktrip-github/src/JackTripThread.cpp"; sourceTree = "<absolute>"; };
		CAB5B91F696D2F4D92E1C814 /* Settings.h */ = {isa = PBXFileReference; lastKnownFileType = sourcecode.c.h; name = Settings.h; path = "/Users/jos/w/jacktrip-github/src/Settings.h"; sourceTree = "<absolute>"; };
		CBB14FEA32A90939F1A55711 /* Reverb.h */ = {isa = PBXFileReference; lastKnownFileType = sourcecode.c.h; name = Reverb.h; path = "/Users/jos/w/jacktrip-github/src/Reverb.h"; sourceTree = "<absolute>"; };
		CD931AB9EEBBAAEC3A50A410 /* moc_JackTripWorker.cpp */ = {isa = PBXFileReference; lastKnownFileType = sourcecode.cpp.cpp; name = moc_JackTripWorker.cpp; path = "/Users/jos/w/jacktrip-github/src/moc_JackTripWorker.cpp"; sourceTree = "<absolute>"; };
		CF855C15C5B42321BF1551CC /* limiterdsp.h */ = {isa = PBXFileReference; lastKnownFileType = sourcecode.c.h; name = limiterdsp.h; path = "/Users/jos/w/jacktrip-github/src/limiterdsp.h"; sourceTree = "<absolute>"; };
		D4D9FD74F4A2CA685F7B7BFD /* jacktrip_main.cpp */ = {isa = PBXFileReference; lastKnownFileType = sourcecode.cpp.cpp; name = jacktrip_main.cpp; path = "/Users/jos/w/jacktrip-github/src/jacktrip_main.cpp"; sourceTree = "<absolute>"; };
		D52F2E47954D29391B1E86C5 /* RingBuffer.cpp */ = {isa = PBXFileReference; lastKnownFileType = sourcecode.cpp.cpp; name = RingBuffer.cpp; path = "/Users/jos/w/jacktrip-github/src/RingBuffer.cpp"; sourceTree = "<absolute>"; };
		D9C47E2E1FB68704301BF8D9 /* Limiter.cpp */ = {isa = PBXFileReference; lastKnownFileType = sourcecode.cpp.cpp; name = Limiter.cpp; path = "/Users/jos/w/jacktrip-github/src/Limiter.cpp"; sourceTree = "<absolute>"; };
		DDFFC70C9AFCD586D8D6247B /* freeverbdsp.h */ = {isa = PBXFileReference; lastKnownFileType = sourcecode.c.h; name = freeverbdsp.h; path = "/Users/jos/w/jacktrip-github/src/freeverbdsp.h"; sourceTree = "<absolute>"; };
		E5CF883B9E972503B7E99BD0 /* moc_NetKS.cpp */ = {isa = PBXFileReference; lastKnownFileType = sourcecode.cpp.cpp; name = moc_NetKS.cpp; path = "/Users/jos/w/jacktrip-github/src/moc_NetKS.cpp"; sourceTree = "<absolute>"; };
		EACEF5F299629A9BA3469FBB /* moc_PacketHeader.cpp */ = {isa = PBXFileReference; lastKnownFileType = sourcecode.cpp.cpp; name = moc_PacketHeader.cpp; path = "/Users/jos/w/jacktrip-github/src/moc_PacketHeader.cpp"; sourceTree = "<absolute>"; };
		EDBF65729DF8BB4A07AC0730 /* JackAudioInterface.cpp */ = {isa = PBXFileReference; lastKnownFileType = sourcecode.cpp.cpp; name = JackAudioInterface.cpp; path = "/Users/jos/w/jacktrip-github/src/JackAudioInterface.cpp"; sourceTree = "<absolute>"; };
		EF04F48376168606A111FA36 /* ProcessPlugin.cpp */ = {isa = PBXFileReference; lastKnownFileType = sourcecode.cpp.cpp; name = ProcessPlugin.cpp; path = "/Users/jos/w/jacktrip-github/src/ProcessPlugin.cpp"; sourceTree = "<absolute>"; };
		F368FD229592270487B00E94 /* JackTripThread.h */ = {isa = PBXFileReference; lastKnownFileType = sourcecode.c.h; name = JackTripThread.h; path = "/Users/jos/w/jacktrip-github/src/JackTripThread.h"; sourceTree = "<absolute>"; };
		F4E68B583306C695291773BE /* moc_UdpDataProtocol.cpp */ = {isa = PBXFileReference; lastKnownFileType = sourcecode.cpp.cpp; name = moc_UdpDataProtocol.cpp; path = "/Users/jos/w/jacktrip-github/src/moc_UdpDataProtocol.cpp"; sourceTree = "<absolute>"; };
		F67FE135A8AD856433183FDC /* JackTrip.cpp */ = {isa = PBXFileReference; lastKnownFileType = sourcecode.cpp.cpp; name = JackTrip.cpp; path = "/Users/jos/w/jacktrip-github/src/JackTrip.cpp"; sourceTree = "<absolute>"; };
/* End PBXFileReference section */

/* Begin PBXFrameworksBuildPhase section */
		D1C883685E82D5676953459A /* Link Binary With Libraries */ = {
			isa = PBXFrameworksBuildPhase;
			buildActionMask = 2147483647;
			files = (
				2D5A796ECC904360457D2C40 /* jack in Link Binary With Libraries */,
				35A1A39F8EAB37889EB3D397 /* CoreAudio.framework in Link Binary With Libraries */,
				F8B465CE34D8DF87AAE95913 /* CoreFoundation.framework in Link Binary With Libraries */,
				F9DC02627440703180DF227B /* QtNetwork.framework in Link Binary With Libraries */,
				24D7E9F63F918C2502655F60 /* QtCore.framework in Link Binary With Libraries */,
				A99B2AA0F9CBBDD12BA126A4 /* DiskArbitration.framework in Link Binary With Libraries */,
				8D267F2E4776F0ECA2F49DC8 /* IOKit.framework in Link Binary With Libraries */,
			);
			name = "Link Binary With Libraries";
			runOnlyForDeploymentPostprocessing = 0;
		};
/* End PBXFrameworksBuildPhase section */

/* Begin PBXGroup section */
		25B08E2869634E9BCBA333A2 /* Generated Sources */ = {
			isa = PBXGroup;
			children = (
				2A11B8655B3637F541A9A8E5 /* moc_DataProtocol.cpp */,
				AD8467ADAA1A83AD35B541DF /* moc_JackTrip.cpp */,
				CD931AB9EEBBAAEC3A50A410 /* moc_JackTripWorker.cpp */,
				60C3DF0B9E0CB4737940940F /* moc_JackTripWorkerMessages.cpp */,
				E5CF883B9E972503B7E99BD0 /* moc_NetKS.cpp */,
				EACEF5F299629A9BA3469FBB /* moc_PacketHeader.cpp */,
				09F6FB6D442F0363C06BF1BC /* moc_Settings.cpp */,
				949529F92C910B8D11A4DE4E /* moc_ThreadPoolTest.cpp */,
				F4E68B583306C695291773BE /* moc_UdpDataProtocol.cpp */,
				2DD3725004BB544FD73EACA2 /* moc_UdpHubListener.cpp */,
			);
			name = "Generated Sources";
			sourceTree = "<group>";
		};
		2EB56BE3C2D93CDAB0C52E67 /* Sources */ = {
			isa = PBXGroup;
			children = (
				69EC3A4AD63590C5E4AF4D4A /* AudioInterface.cpp */,
				9885A7E72E6BD04262341315 /* AudioInterface.h */,
				A8D9BA234B89C5F9154E9D42 /* Compressor.cpp */,
				5532C158F9CD3C18D73AA38B /* Compressor.h */,
				1890A4BBAF65BA60F451DC9D /* compressordsp.h */,
				542C79331983463E2881BDEA /* DataProtocol.cpp */,
				43877CD8ED932588545EE743 /* DataProtocol.h */,
				DDFFC70C9AFCD586D8D6247B /* freeverbdsp.h */,
				EDBF65729DF8BB4A07AC0730 /* JackAudioInterface.cpp */,
				C6F7B0F551EEA651789EE3B6 /* JackAudioInterface.h */,
				04C89E59A3C5145146A62A5D /* jacktrip_globals.cpp */,
				39B5F4C57159F8AEDE2E4011 /* jacktrip_globals.h */,
				D4D9FD74F4A2CA685F7B7BFD /* jacktrip_main.cpp */,
				C2E047D1473B042C0360671D /* jacktrip_types.h */,
				F67FE135A8AD856433183FDC /* JackTrip.cpp */,
				B5051186495EB7C6DB2A20B6 /* JackTrip.h */,
				C94D334C1F424BE9BE7D061F /* JackTripThread.cpp */,
				F368FD229592270487B00E94 /* JackTripThread.h */,
				8A124D17718B06FAE7532073 /* JackTripWorker.cpp */,
				370C78685FE293C5A9F39C23 /* JackTripWorker.h */,
				06AE7011BB1A05010D32F302 /* JackTripWorkerMessages.h */,
				9229711629CA5ED78170C196 /* JMess.cpp */,
				178CC5AD11B27C55C3234FC4 /* JMess.h */,
				D9C47E2E1FB68704301BF8D9 /* Limiter.cpp */,
				8EB085273E460F99C8BD4C55 /* Limiter.h */,
				CF855C15C5B42321BF1551CC /* limiterdsp.h */,
				7CF2757740CD6ACB677780DB /* LoopBack.cpp */,
				B861DE5AA6F048FE15FCCF86 /* LoopBack.h */,
				47136CF3EE93C11EC6F1CFD8 /* NetKS.h */,
				25127065DD945A82E0C7929A /* PacketHeader.cpp */,
				10C0760A3DA3CC4D64EE097F /* PacketHeader.h */,
				EF04F48376168606A111FA36 /* ProcessPlugin.cpp */,
				6DFE87270DFB05EF99124F07 /* ProcessPlugin.h */,
				5B67EFD3A406673B71474E3D /* Reverb.cpp */,
				CBB14FEA32A90939F1A55711 /* Reverb.h */,
				D52F2E47954D29391B1E86C5 /* RingBuffer.cpp */,
				27B77FA5EA6555E1BA3A3032 /* RingBuffer.h */,
				4D66BC68493F515B31881E0F /* RingBufferWavetable.h */,
				44F0F339F9CE2E9530CCE8A9 /* Settings.cpp */,
				CAB5B91F696D2F4D92E1C814 /* Settings.h */,
				7F2E8E19A11EC327F49B30F7 /* TestRingBuffer.h */,
				1242343062C835998663D294 /* ThreadPoolTest.h */,
				52341FF845501B77AC93F74E /* UdpDataProtocol.cpp */,
				A9CAFDA66E4C036ACFC44E6F /* UdpDataProtocol.h */,
				8302309CFD8FF81A6274A5BB /* UdpHubListener.cpp */,
				073CC471722B26358EE4AA61 /* UdpHubListener.h */,
			);
			name = Sources;
			sourceTree = "<group>";
		};
		74B182DB50CB5611B5C1C297 /* Supporting Files */ = {
			isa = PBXGroup;
			children = (
				16BA63DF56384616A62529A8 /* jacktrip.pro */,
			);
			name = "Supporting Files";
			sourceTree = "<group>";
		};
		AF39DD055C3EF8226FBE929D /* Frameworks */ = {
			isa = PBXGroup;
			children = (
				C1CE7CCE556455D63F207E9C /* jack */,
				BEF9DFDA6822604126A7E233 /* CoreAudio.framework */,
				4D765E1B1EA6C757220C63E7 /* CoreFoundation.framework */,
				C242693706E2CBAB837148DB /* QtNetwork.framework */,
				9A5130A1A1900D11A62B89C2 /* QtCore.framework */,
				2B774D8E4178765CE52EAAF5 /* DiskArbitration.framework */,
				A1A67BEAA744704B29168D39 /* IOKit.framework */,
			);
			name = Frameworks;
			sourceTree = "<group>";
		};
		B8254625CFD509ED2A24A166 /* Sources [moc_predefs] */ = {
			isa = PBXGroup;
			children = (
				65A723C3BC89B35FB3D85A59 /* dummy.cpp */,
			);
			name = "Sources [moc_predefs]";
			sourceTree = "<group>";
		};
		E8C543AB96796ECAA2E65C57 /* jacktrip */ = {
			isa = PBXGroup;
			children = (
				2EB56BE3C2D93CDAB0C52E67 /* Sources */,
				25B08E2869634E9BCBA333A2 /* Generated Sources */,
				B8254625CFD509ED2A24A166 /* Sources [moc_predefs] */,
				74B182DB50CB5611B5C1C297 /* Supporting Files */,
				AF39DD055C3EF8226FBE929D /* Frameworks */,
				FE0A091FDBFB3E9C31B7A1BD /* Products */,
			);
			name = jacktrip;
			sourceTree = "<group>";
		};
		FE0A091FDBFB3E9C31B7A1BD /* Products */ = {
			isa = PBXGroup;
			children = (
				22A3C80B8558A6FDC35DB108 /* jacktrip */,
			);
			name = Products;
			sourceTree = "<group>";
		};
/* End PBXGroup section */

/* Begin PBXNativeTarget section */
		E2DA8C2AF1ED2ABF26B57603 /* jacktrip */ = {
			isa = PBXNativeTarget;
			buildConfigurationList = 6CC3B5D2136C7CD6A5CF5A59 /* Build configuration list for PBXNativeTarget "jacktrip" */;
			buildPhases = (
				F7E50F631C51CD5B5DC0BC43 /* Compile Sources */,
				D1C883685E82D5676953459A /* Link Binary With Libraries */,
			);
			buildRules = (
			);
			dependencies = (
				18397B1281E9BBED4770D398 /* PBXTargetDependency */,
			);
			name = jacktrip;
			productName = jacktrip;
			productReference = 22A3C80B8558A6FDC35DB108 /* jacktrip */;
			productType = "com.apple.product-type.tool";
		};
/* End PBXNativeTarget section */

/* Begin PBXProject section */
		6DB9C3763D02B1415CD9D565 /* Project object */ = {
			isa = PBXProject;
			attributes = {
				LastUpgradeCheck = 1160;
				TargetAttributes = {
					4AAB4899FB9C144666B14872 = {
						DevelopmentTeam = 8MQ2649MG7;
					};
					E2DA8C2AF1ED2ABF26B57603 = {
						DevelopmentTeam = 8MQ2649MG7;
					};
				};
			};
			buildConfigurationList = DAC4C1AA5EDEA1C85E9CA5E6 /* Build configuration list for PBXProject "jacktrip" */;
			compatibilityVersion = "Xcode 3.2";
			developmentRegion = en;
			hasScannedForEncodings = 1;
			knownRegions = (
				en,
				Base,
			);
			mainGroup = E8C543AB96796ECAA2E65C57 /* jacktrip */;
			productRefGroup = FE0A091FDBFB3E9C31B7A1BD /* Products */;
			projectDirPath = "";
			projectRoot = "";
			targets = (
				E2DA8C2AF1ED2ABF26B57603 /* jacktrip */,
				4AAB4899FB9C144666B14872 /* Qt Preprocess */,
			);
		};
/* End PBXProject section */

/* Begin PBXShellScriptBuildPhase section */
		5E618435888B9D49F8540165 /* Qt Qmake */ = {
			isa = PBXShellScriptBuildPhase;
			buildActionMask = 2147483647;
			files = (
			);
			name = "Qt Qmake";
			runOnlyForDeploymentPostprocessing = 0;
			shellPath = /bin/sh;
			shellScript = "make -C /Users/jos/w/jacktrip-github/src -f jacktrip.xcodeproj/qt_makeqmake.mak";
			showEnvVarsInLog = 0;
		};
		7EF0942E79C014DCEC8976BC /* Qt Preprocessors */ = {
			isa = PBXShellScriptBuildPhase;
			buildActionMask = 2147483647;
			files = (
			);
			name = "Qt Preprocessors";
			runOnlyForDeploymentPostprocessing = 0;
			shellPath = /bin/sh;
			shellScript = "make -C /Users/jos/w/jacktrip-github/src -f jacktrip.xcodeproj/qt_preprocess.mak";
			showEnvVarsInLog = 0;
		};
/* End PBXShellScriptBuildPhase section */

/* Begin PBXSourcesBuildPhase section */
		F7E50F631C51CD5B5DC0BC43 /* Compile Sources */ = {
			isa = PBXSourcesBuildPhase;
			buildActionMask = 2147483647;
			files = (
				682F40355FB78AE807A973ED /* DataProtocol.cpp in Compile Sources */,
				DC6DADB895C865A89B4AB1A6 /* JMess.cpp in Compile Sources */,
				CD517699FF391C05FC07E5FA /* JackTrip.cpp in Compile Sources */,
				D724C09DE096008872DC1CB4 /* Compressor.cpp in Compile Sources */,
				19EBBA0EF2625634D5182FFA /* Limiter.cpp in Compile Sources */,
				AD35C78C6BA25DC2EF81B81E /* Reverb.cpp in Compile Sources */,
				6A6F0BE6A9BEFC6CBDC8C2D5 /* jacktrip_globals.cpp in Compile Sources */,
				0B3F36926155E778AB91FDF0 /* jacktrip_main.cpp in Compile Sources */,
				21D56F36B30B2426C505BFBF /* JackTripThread.cpp in Compile Sources */,
				8CC9E23461EE302C3E30819D /* JackTripWorker.cpp in Compile Sources */,
				4D5443D2BD50C2D6EEE261FE /* LoopBack.cpp in Compile Sources */,
				A045C3CAE7BC76C7CD90A508 /* PacketHeader.cpp in Compile Sources */,
				DDF00BD5F342C18562959FAA /* ProcessPlugin.cpp in Compile Sources */,
				9582A341484A750C9F2B9C5E /* RingBuffer.cpp in Compile Sources */,
				00A11739F27021F94ECB504E /* Settings.cpp in Compile Sources */,
				A9E60F59D318D2ADD4CDE1D8 /* UdpDataProtocol.cpp in Compile Sources */,
				DA018D395087930B8E931329 /* UdpHubListener.cpp in Compile Sources */,
				648BF03135211C45E2C2ECD9 /* AudioInterface.cpp in Compile Sources */,
				BDBCC8240EF583B8F68DA92C /* JackAudioInterface.cpp in Compile Sources */,
				07D2A4331F4CC2C8B5AFB5E8 /* moc_DataProtocol.cpp in Compile Sources */,
				877218415A466B56E497ECAB /* moc_JackTrip.cpp in Compile Sources */,
				99A3E1F202946D4F98D6174C /* moc_JackTripWorker.cpp in Compile Sources */,
				14FF28096F9A2F34F53FE08C /* moc_JackTripWorkerMessages.cpp in Compile Sources */,
				D44EDD6312D89DA2107DC990 /* moc_NetKS.cpp in Compile Sources */,
				B377D3CD6025D4D6BA8B96D3 /* moc_PacketHeader.cpp in Compile Sources */,
				DC343154BC693FFEF5182986 /* moc_Settings.cpp in Compile Sources */,
				745A1835F936437EB6929369 /* moc_ThreadPoolTest.cpp in Compile Sources */,
				609C073A4B87114D442B60DA /* moc_UdpDataProtocol.cpp in Compile Sources */,
				EAB4336D117F7A4A893C54CC /* moc_UdpHubListener.cpp in Compile Sources */,
				E0FA722321D1B268BF8AF3A4 /* dummy.cpp in Compile Sources */,
			);
			name = "Compile Sources";
			runOnlyForDeploymentPostprocessing = 0;
		};
/* End PBXSourcesBuildPhase section */

/* Begin PBXTargetDependency section */
		18397B1281E9BBED4770D398 /* PBXTargetDependency */ = {
			isa = PBXTargetDependency;
			target = 4AAB4899FB9C144666B14872 /* Qt Preprocess */;
			targetProxy = 809B37A224E02959003AA166 /* PBXContainerItemProxy */;
		};
/* End PBXTargetDependency section */

/* Begin XCBuildConfiguration section */
		339EE1B2CC4FC24589A0EA95 /* Release */ = {
			isa = XCBuildConfiguration;
			buildSettings = {
				APPLICATION_EXTENSION_API_ONLY = NO;
				"ARCHS[sdk=macosx*]" = x86_64;
				CC = /Applications/Xcode.app/Contents/Developer/Toolchains/XcodeDefault.xctoolchain/usr/bin/clang;
				CLANG_WARN_BLOCK_CAPTURE_AUTORELEASING = YES;
				CLANG_WARN_BOOL_CONVERSION = YES;
				CLANG_WARN_COMMA = YES;
				CLANG_WARN_CONSTANT_CONVERSION = YES;
				CLANG_WARN_DEPRECATED_OBJC_IMPLEMENTATIONS = YES;
				CLANG_WARN_EMPTY_BODY = YES;
				CLANG_WARN_ENUM_CONVERSION = YES;
				CLANG_WARN_INFINITE_RECURSION = YES;
				CLANG_WARN_INT_CONVERSION = YES;
				CLANG_WARN_NON_LITERAL_NULL_CONVERSION = YES;
				CLANG_WARN_OBJC_IMPLICIT_RETAIN_SELF = YES;
				CLANG_WARN_OBJC_LITERAL_CONVERSION = YES;
				CLANG_WARN_RANGE_LOOP_ANALYSIS = YES;
				CLANG_WARN_STRICT_PROTOTYPES = YES;
				CLANG_WARN_SUSPICIOUS_MOVE = YES;
				CLANG_WARN_UNREACHABLE_CODE = YES;
				CLANG_WARN__DUPLICATE_METHOD_MATCH = YES;
				CONFIGURATION_BUILD_DIR = "$(PROJECT_DIR)/$(CONFIGURATION)$(EFFECTIVE_PLATFORM_NAME)";
				COPY_PHASE_STRIP = NO;
				DEVELOPMENT_TEAM = 8MQ2649MG7;
				DYLIB_COMPATIBILITY_VERSION = 1.0;
				DYLIB_CURRENT_VERSION = 1.0.0;
				ENABLE_BITCODE = NO;
				ENABLE_STRICT_OBJC_MSGSEND = YES;
				FRAMEWORK_SEARCH_PATHS = (
					/opt/local/libexec/qt5/lib,
					/opt/local/libexec/qt5/lib,
				);
				GCC_NO_COMMON_BLOCKS = YES;
				GCC_VERSION = com.apple.compilers.llvm.clang.1_0;
				GCC_WARN_64_TO_32_BIT_CONVERSION = YES;
				GCC_WARN_ABOUT_RETURN_TYPE = YES;
				GCC_WARN_UNDECLARED_SELECTOR = YES;
				GCC_WARN_UNINITIALIZED_AUTOS = YES;
				GCC_WARN_UNUSED_FUNCTION = YES;
				GCC_WARN_UNUSED_VARIABLE = YES;
				HEADER_SEARCH_PATHS = (
					.,
					"../faust-src-lair/stk",
					/usr/local/include,
					"../faust-src-lair",
					"../externals/rtaudio-4.1.1",
					/opt/local/libexec/qt5/lib/QtNetwork.framework/Headers,
					/opt/local/libexec/qt5/lib/QtCore.framework/Headers,
					.,
					"/opt/local/libexec/qt5/mkspecs/macx-clang",
				);
				LDPLUSPLUS = "/Applications/Xcode.app/Contents/Developer/Toolchains/XcodeDefault.xctoolchain/usr/bin/clang++";
				LIBRARY_SEARCH_PATHS = (
					/usr/local/lib,
					/System/Library/Frameworks/,
					/opt/local/libexec/qt5/lib,
				);
				MACOSX_DEPLOYMENT_TARGET = 10.9;
				OTHER_CFLAGS = (
					"-pipe",
					"-Wall",
					"-Wextra",
					"-fPIC",
					"-DWAIRTOHUB",
					"-D__MAC_OSX__",
					"-DQT_NO_DEBUG",
					"-DQT_NETWORK_LIB",
					"-DQT_CORE_LIB",
				);
				OTHER_CPLUSPLUSFLAGS = (
					"-pipe",
					"-stdlib=libc++",
					"-D__MACOSX_CORE__",
					"-std=gnu++11",
					"-Wall",
					"-Wextra",
					"-fPIC",
					"-DWAIRTOHUB",
					"-D__MAC_OSX__",
					"-DQT_NO_DEBUG",
					"-DQT_NETWORK_LIB",
					"-DQT_CORE_LIB",
				);
				OTHER_LDFLAGS = (
					"-stdlib=libc++",
					"-headerpad_max_install_names",
					"-Wl,-rpath,@executable_path/../Frameworks",
					"-F/opt/local/libexec/qt5/lib",
					"-L/usr/local/lib",
					"-lm",
				);
				PRODUCT_BUNDLE_IDENTIFIER = "com.moforte.${PRODUCT_NAME:rfc1034identifier}";
				PRODUCT_NAME = jacktrip;
				QMAKE_FULL_VERSION = 1.0.0;
				QMAKE_PKGINFO_TYPEINFO = "????";
				QMAKE_SHORT_VERSION = 1.0;
				QT_LIBRARY_SUFFIX = "";
				SDKROOT = macosx;
				SYMROOT = .xcode;
			};
			name = Release;
		};
		3AA6C32AC930069E80220CF1 /* Debug */ = {
			isa = XCBuildConfiguration;
			buildSettings = {
				APPLICATION_EXTENSION_API_ONLY = NO;
				"ARCHS[sdk=macosx*]" = x86_64;
				CC = /Applications/Xcode.app/Contents/Developer/Toolchains/XcodeDefault.xctoolchain/usr/bin/clang;
				CLANG_WARN_BLOCK_CAPTURE_AUTORELEASING = YES;
				CLANG_WARN_BOOL_CONVERSION = YES;
				CLANG_WARN_COMMA = YES;
				CLANG_WARN_CONSTANT_CONVERSION = YES;
				CLANG_WARN_DEPRECATED_OBJC_IMPLEMENTATIONS = YES;
				CLANG_WARN_EMPTY_BODY = YES;
				CLANG_WARN_ENUM_CONVERSION = YES;
				CLANG_WARN_INFINITE_RECURSION = YES;
				CLANG_WARN_INT_CONVERSION = YES;
				CLANG_WARN_NON_LITERAL_NULL_CONVERSION = YES;
				CLANG_WARN_OBJC_IMPLICIT_RETAIN_SELF = YES;
				CLANG_WARN_OBJC_LITERAL_CONVERSION = YES;
				CLANG_WARN_RANGE_LOOP_ANALYSIS = YES;
				CLANG_WARN_STRICT_PROTOTYPES = YES;
				CLANG_WARN_SUSPICIOUS_MOVE = YES;
				CLANG_WARN_UNREACHABLE_CODE = YES;
				CLANG_WARN__DUPLICATE_METHOD_MATCH = YES;
				CONFIGURATION_BUILD_DIR = "$(PROJECT_DIR)/$(CONFIGURATION)$(EFFECTIVE_PLATFORM_NAME)";
				COPY_PHASE_STRIP = NO;
				DEVELOPMENT_TEAM = 8MQ2649MG7;
				DYLIB_COMPATIBILITY_VERSION = 1.0;
				DYLIB_CURRENT_VERSION = 1.0.0;
				ENABLE_BITCODE = NO;
				ENABLE_STRICT_OBJC_MSGSEND = YES;
				ENABLE_TESTABILITY = YES;
				FRAMEWORK_SEARCH_PATHS = (
					/opt/local/libexec/qt5/lib,
					/opt/local/libexec/qt5/lib,
				);
				GCC_NO_COMMON_BLOCKS = YES;
				GCC_OPTIMIZATION_LEVEL = 0;
				GCC_VERSION = com.apple.compilers.llvm.clang.1_0;
				GCC_WARN_64_TO_32_BIT_CONVERSION = YES;
				GCC_WARN_ABOUT_RETURN_TYPE = YES;
				GCC_WARN_UNDECLARED_SELECTOR = YES;
				GCC_WARN_UNINITIALIZED_AUTOS = YES;
				GCC_WARN_UNUSED_FUNCTION = YES;
				GCC_WARN_UNUSED_VARIABLE = YES;
				HEADER_SEARCH_PATHS = (
					.,
					"../faust-src-lair/stk",
					/usr/local/include,
					"../faust-src-lair",
					"../externals/rtaudio-4.1.1",
					/opt/local/libexec/qt5/lib/QtNetwork.framework/Headers,
					/opt/local/libexec/qt5/lib/QtCore.framework/Headers,
					.,
					"/opt/local/libexec/qt5/mkspecs/macx-clang",
				);
				LDPLUSPLUS = "/Applications/Xcode.app/Contents/Developer/Toolchains/XcodeDefault.xctoolchain/usr/bin/clang++";
				LIBRARY_SEARCH_PATHS = (
					/usr/local/lib,
					/System/Library/Frameworks/,
					/opt/local/libexec/qt5/lib,
				);
				MACOSX_DEPLOYMENT_TARGET = 10.9;
				ONLY_ACTIVE_ARCH = YES;
				OTHER_CFLAGS = (
					"-pipe",
					"-Wall",
					"-Wextra",
					"-fPIC",
					"-DWAIRTOHUB",
					"-D__MAC_OSX__",
					"-DQT_NO_DEBUG",
					"-DQT_NETWORK_LIB",
					"-DQT_CORE_LIB",
				);
				OTHER_CPLUSPLUSFLAGS = (
					"-pipe",
					"-stdlib=libc++",
					"-D__MACOSX_CORE__",
					"-std=gnu++11",
					"-Wall",
					"-Wextra",
					"-fPIC",
					"-DWAIRTOHUB",
					"-D__MAC_OSX__",
					"-DQT_NO_DEBUG",
					"-DQT_NETWORK_LIB",
					"-DQT_CORE_LIB",
				);
				OTHER_LDFLAGS = (
					"-stdlib=libc++",
					"-headerpad_max_install_names",
					"-Wl,-rpath,@executable_path/../Frameworks",
					"-F/opt/local/libexec/qt5/lib",
					"-L/usr/local/lib",
					"-lm",
				);
				PRODUCT_BUNDLE_IDENTIFIER = "com.moforte.${PRODUCT_NAME:rfc1034identifier}";
				PRODUCT_NAME = jacktrip;
				QMAKE_FULL_VERSION = 1.0.0;
				QMAKE_PKGINFO_TYPEINFO = "????";
				QMAKE_SHORT_VERSION = 1.0;
				QT_LIBRARY_SUFFIX = "";
				SDKROOT = macosx;
				SYMROOT = .xcode;
			};
			name = Debug;
		};
		6666AA5E688052234F6758D8 /* Release */ = {
			isa = XCBuildConfiguration;
			buildSettings = {
				APPLICATION_EXTENSION_API_ONLY = NO;
				"ARCHS[sdk=macosx*]" = x86_64;
				CLANG_ENABLE_OBJC_WEAK = YES;
				CODE_SIGN_IDENTITY = "-";
				COPY_PHASE_STRIP = NO;
				DEVELOPMENT_TEAM = 8MQ2649MG7;
				ENABLE_BITCODE = NO;
				PRODUCT_BUNDLE_IDENTIFIER = "com.moforte.${PRODUCT_NAME:rfc1034identifier}";
				PRODUCT_NAME = jacktrip;
				QMAKE_FULL_VERSION = 1.0.0;
				QMAKE_PKGINFO_TYPEINFO = "????";
				QMAKE_SHORT_VERSION = 1.0;
				QT_LIBRARY_SUFFIX = "";
				SDKROOT = macosx;
			};
			name = Release;
		};
		77418F46922677BB04ED38DD /* Debug */ = {
			isa = XCBuildConfiguration;
			buildSettings = {
				APPLICATION_EXTENSION_API_ONLY = NO;
				"ARCHS[sdk=macosx*]" = x86_64;
				CLANG_ENABLE_OBJC_WEAK = YES;
				CODE_SIGN_IDENTITY = "-";
				COPY_PHASE_STRIP = NO;
				DEVELOPMENT_TEAM = 8MQ2649MG7;
				ENABLE_BITCODE = NO;
				GCC_OPTIMIZATION_LEVEL = 0;
				ONLY_ACTIVE_ARCH = YES;
				PRODUCT_BUNDLE_IDENTIFIER = "com.moforte.${PRODUCT_NAME:rfc1034identifier}";
				PRODUCT_NAME = jacktrip;
				QMAKE_FULL_VERSION = 1.0.0;
				QMAKE_PKGINFO_TYPEINFO = "????";
				QMAKE_SHORT_VERSION = 1.0;
				QT_LIBRARY_SUFFIX = "";
				SDKROOT = macosx;
			};
			name = Debug;
		};
/* End XCBuildConfiguration section */

/* Begin XCConfigurationList section */
		6CC3B5D2136C7CD6A5CF5A59 /* Build configuration list for PBXNativeTarget "jacktrip" */ = {
			isa = XCConfigurationList;
			buildConfigurations = (
				77418F46922677BB04ED38DD /* Debug */,
				6666AA5E688052234F6758D8 /* Release */,
			);
			defaultConfigurationIsVisible = 0;
			defaultConfigurationName = Release;
		};
		DAC4C1AA5EDEA1C85E9CA5E6 /* Build configuration list for PBXProject "jacktrip" */ = {
			isa = XCConfigurationList;
			buildConfigurations = (
				3AA6C32AC930069E80220CF1 /* Debug */,
				339EE1B2CC4FC24589A0EA95 /* Release */,
			);
			defaultConfigurationIsVisible = 0;
			defaultConfigurationName = Release;
		};
/* End XCConfigurationList section */
	};
	rootObject = 6DB9C3763D02B1415CD9D565 /* Project object */;
}
